{
    "version": 3,
    "terraform_version": "0.10.8",
    "serial": 29,
    "lineage": "e0249e48-8059-428a-8fe2-6a9f30958eff",
    "modules": [
        {
            "path": [
                "root"
            ],
            "outputs": {
                "hostname": {
                    "sensitive": false,
                    "type": "string",
                    "value": "myvm1"
                },
                "ssh_command": {
                    "sensitive": false,
                    "type": "string",
                    "value": "ssh cizi@myvm1.southcentralus.cloudapp.azure.com"
                },
                "vm_fqdn": {
                    "sensitive": false,
                    "type": "string",
                    "value": "myvm1.southcentralus.cloudapp.azure.com"
                }
            },
            "resources": {
                "azurerm_managed_disk.datadisk": {
                    "type": "azurerm_managed_disk",
                    "depends_on": [
                        "azurerm_resource_group.rg"
                    ],
                    "primary": {
                        "id": "/subscriptions/1a06ded2-cc83-44e1-bf67-d5035be85251/resourceGroups/myvm1rg/providers/Microsoft.Compute/disks/myvm1-datadisk",
                        "attributes": {
                            "create_option": "Empty",
                            "disk_size_gb": "1023",
                            "id": "/subscriptions/1a06ded2-cc83-44e1-bf67-d5035be85251/resourceGroups/myvm1rg/providers/Microsoft.Compute/disks/myvm1-datadisk",
                            "location": "southcentralus",
                            "name": "myvm1-datadisk",
                            "resource_group_name": "myvm1rg",
                            "storage_account_type": "Standard_LRS",
                            "tags.%": "0"
                        },
                        "meta": {},
                        "tainted": false
                    },
                    "deposed": [],
                    "provider": ""
                },
                "azurerm_network_interface.nic": {
                    "type": "azurerm_network_interface",
                    "depends_on": [
                        "azurerm_public_ip.pip",
                        "azurerm_resource_group.rg",
                        "azurerm_subnet.subnet"
                    ],
                    "primary": {
                        "id": "/subscriptions/1a06ded2-cc83-44e1-bf67-d5035be85251/resourceGroups/myvm1rg/providers/Microsoft.Network/networkInterfaces/rgnic",
                        "attributes": {
                            "applied_dns_servers.#": "0",
                            "dns_servers.#": "0",
                            "enable_ip_forwarding": "false",
                            "id": "/subscriptions/1a06ded2-cc83-44e1-bf67-d5035be85251/resourceGroups/myvm1rg/providers/Microsoft.Network/networkInterfaces/rgnic",
                            "internal_dns_name_label": "",
                            "ip_configuration.#": "1",
                            "ip_configuration.0.load_balancer_backend_address_pools_ids.#": "0",
                            "ip_configuration.0.load_balancer_inbound_nat_rules_ids.#": "0",
                            "ip_configuration.0.name": "rgipconfig",
                            "ip_configuration.0.primary": "true",
                            "ip_configuration.0.private_ip_address": "",
                            "ip_configuration.0.private_ip_address_allocation": "dynamic",
                            "ip_configuration.0.public_ip_address_id": "/subscriptions/1a06ded2-cc83-44e1-bf67-d5035be85251/resourceGroups/myvm1rg/providers/Microsoft.Network/publicIPAddresses/rg-ip",
                            "ip_configuration.0.subnet_id": "/subscriptions/1a06ded2-cc83-44e1-bf67-d5035be85251/resourceGroups/myvm1rg/providers/Microsoft.Network/virtualNetworks/vnet/subnets/rgsubnet",
                            "location": "southcentralus",
                            "name": "rgnic",
                            "network_security_group_id": "",
                            "private_ip_address": "10.0.10.4",
                            "private_ip_addresses.#": "1",
                            "private_ip_addresses.0": "10.0.10.4",
                            "resource_group_name": "myvm1rg",
                            "tags.%": "0"
                        },
                        "meta": {},
                        "tainted": false
                    },
                    "deposed": [],
                    "provider": ""
                },
                "azurerm_public_ip.pip": {
                    "type": "azurerm_public_ip",
                    "depends_on": [
                        "azurerm_resource_group.rg"
                    ],
                    "primary": {
                        "id": "/subscriptions/1a06ded2-cc83-44e1-bf67-d5035be85251/resourceGroups/myvm1rg/providers/Microsoft.Network/publicIPAddresses/rg-ip",
                        "attributes": {
                            "domain_name_label": "myvm1",
                            "fqdn": "myvm1.southcentralus.cloudapp.azure.com",
                            "id": "/subscriptions/1a06ded2-cc83-44e1-bf67-d5035be85251/resourceGroups/myvm1rg/providers/Microsoft.Network/publicIPAddresses/rg-ip",
                            "location": "southcentralus",
                            "name": "rg-ip",
                            "public_ip_address_allocation": "dynamic",
                            "resource_group_name": "myvm1rg",
                            "tags.%": "0"
                        },
                        "meta": {},
                        "tainted": false
                    },
                    "deposed": [],
                    "provider": ""
                },
                "azurerm_resource_group.rg": {
                    "type": "azurerm_resource_group",
                    "depends_on": [],
                    "primary": {
                        "id": "/subscriptions/1a06ded2-cc83-44e1-bf67-d5035be85251/resourceGroups/myvm1rg",
                        "attributes": {
                            "id": "/subscriptions/1a06ded2-cc83-44e1-bf67-d5035be85251/resourceGroups/myvm1rg",
                            "location": "southcentralus",
                            "name": "myvm1rg",
                            "tags.%": "0"
                        },
                        "meta": {},
                        "tainted": false
                    },
                    "deposed": [],
                    "provider": ""
                },
                "azurerm_storage_account.stor": {
                    "type": "azurerm_storage_account",
                    "depends_on": [
                        "azurerm_resource_group.rg"
                    ],
                    "primary": {
                        "id": "/subscriptions/1a06ded2-cc83-44e1-bf67-d5035be85251/resourceGroups/myvm1rg/providers/Microsoft.Storage/storageAccounts/myvm1stor",
                        "attributes": {
                            "access_tier": "",
                            "account_encryption_source": "Microsoft.Storage",
                            "account_kind": "Storage",
                            "account_replication_type": "LRS",
                            "account_tier": "Standard",
                            "account_type": "Standard_LRS",
                            "enable_blob_encryption": "true",
                            "enable_file_encryption": "true",
                            "enable_https_traffic_only": "false",
                            "id": "/subscriptions/1a06ded2-cc83-44e1-bf67-d5035be85251/resourceGroups/myvm1rg/providers/Microsoft.Storage/storageAccounts/myvm1stor",
                            "location": "southcentralus",
                            "name": "myvm1stor",
                            "primary_access_key": "2gRodnv7js6nFCDGgit+W3FoS3cXgAfqMGT89zw1VvzKR5ZLv/MnqU5y/YWC8W70Bdr9N+5/dt44Nxs8JrbjUw==",
                            "primary_blob_connection_string": "DefaultEndpointsProtocol=https;BlobEndpoint=https://myvm1stor.blob.core.windows.net/;AccountName=myvm1stor;AccountKey=2gRodnv7js6nFCDGgit+W3FoS3cXgAfqMGT89zw1VvzKR5ZLv/MnqU5y/YWC8W70Bdr9N+5/dt44Nxs8JrbjUw==",
                            "primary_blob_endpoint": "https://myvm1stor.blob.core.windows.net/",
                            "primary_file_endpoint": "https://myvm1stor.file.core.windows.net/",
                            "primary_location": "southcentralus",
                            "primary_queue_endpoint": "https://myvm1stor.queue.core.windows.net/",
                            "primary_table_endpoint": "https://myvm1stor.table.core.windows.net/",
                            "resource_group_name": "myvm1rg",
                            "secondary_access_key": "T1i2LeHahvr2NvBrTngnUm9nwld8XTZqu9yxla22FTZxAqxxZILoZ9qsqNMFwRFt2PjxJQFNSXAa3XYquIdRWA==",
                            "secondary_location": "",
                            "tags.%": "0"
                        },
                        "meta": {
                            "schema_version": "2"
                        },
                        "tainted": false
                    },
                    "deposed": [],
                    "provider": ""
                },
                "azurerm_subnet.subnet": {
                    "type": "azurerm_subnet",
                    "depends_on": [
                        "azurerm_resource_group.rg",
                        "azurerm_virtual_network.vnet"
                    ],
                    "primary": {
                        "id": "/subscriptions/1a06ded2-cc83-44e1-bf67-d5035be85251/resourceGroups/myvm1rg/providers/Microsoft.Network/virtualNetworks/vnet/subnets/rgsubnet",
                        "attributes": {
                            "address_prefix": "10.0.10.0/24",
                            "id": "/subscriptions/1a06ded2-cc83-44e1-bf67-d5035be85251/resourceGroups/myvm1rg/providers/Microsoft.Network/virtualNetworks/vnet/subnets/rgsubnet",
                            "ip_configurations.#": "0",
                            "name": "rgsubnet",
                            "resource_group_name": "myvm1rg",
                            "virtual_network_name": "vnet"
                        },
                        "meta": {},
                        "tainted": false
                    },
                    "deposed": [],
                    "provider": ""
                },
                "azurerm_virtual_machine.vm": {
                    "type": "azurerm_virtual_machine",
                    "depends_on": [
                        "azurerm_network_interface.nic",
                        "azurerm_public_ip.pip",
                        "azurerm_resource_group.rg",
                        "azurerm_storage_account.stor"
                    ],
                    "primary": {
                        "id": "/subscriptions/1a06ded2-cc83-44e1-bf67-d5035be85251/resourceGroups/myvm1rg/providers/Microsoft.Compute/virtualMachines/rgvm",
                        "attributes": {
                            "boot_diagnostics.#": "1",
                            "boot_diagnostics.0.enabled": "true",
                            "boot_diagnostics.0.storage_uri": "https://myvm1stor.blob.core.windows.net/",
                            "delete_data_disks_on_termination": "false",
                            "delete_os_disk_on_termination": "false",
                            "id": "/subscriptions/1a06ded2-cc83-44e1-bf67-d5035be85251/resourceGroups/myvm1rg/providers/Microsoft.Compute/virtualMachines/rgvm",
                            "location": "southcentralus",
                            "name": "rgvm",
                            "network_interface_ids.#": "1",
                            "network_interface_ids.0": "/subscriptions/1a06ded2-cc83-44e1-bf67-d5035be85251/resourceGroups/myvm1rg/providers/Microsoft.Network/networkInterfaces/rgnic",
                            "os_profile.#": "1",
                            "os_profile.1181853222.admin_password": "",
                            "os_profile.1181853222.admin_username": "cizi",
                            "os_profile.1181853222.computer_name": "myvm1",
                            "os_profile.1181853222.custom_data": "",
                            "os_profile_linux_config.#": "1",
                            "os_profile_linux_config.69840937.disable_password_authentication": "true",
                            "os_profile_linux_config.69840937.ssh_keys.#": "1",
                            "os_profile_linux_config.69840937.ssh_keys.0.key_data": "ssh-rsa AAAAB3NzaC1yc2EAAAADAQABAAABAQDL1EnJq2BhZqmI/wndLdpz+Z5Zt5EWUGITg61vJV7FXNcA6kpgl0fytUmv6lu/37ma0KfVMMRDRxeo+toz6Or3eKeil4FQ4XeBAsszyjRIP+Qag01NprXUIfPNOxaYfam+A3MoxsSqmboBHWjSxwfujrI44vw4ThwCeA+X9aDv/MbCE8GXNe/9JStHntJmCfPV/b7T5v3MXropiZqEJZ9bSrequdYOqHSqrvd7Jkn9y8DbU6+fScJ7ou/wo+EmuJfZzL7MSoR0OZ3DHEf5XUe35KoYpeQ1TvlSx4m+f2VijigdTlPCTf0//1HH+g8Tyuu0kurmRzVLBgYVtvYvoe6z cizi@Cizers-MacBook-Pro.local",
                            "os_profile_linux_config.69840937.ssh_keys.0.path": "/home/cizi/.ssh/authorized_keys",
                            "os_profile_secrets.#": "0",
                            "resource_group_name": "myvm1rg",
                            "storage_data_disk.#": "0",
                            "storage_image_reference.#": "1",
                            "storage_image_reference.3353328279.id": "",
                            "storage_image_reference.3353328279.offer": "CentOS",
                            "storage_image_reference.3353328279.publisher": "OpenLogic",
                            "storage_image_reference.3353328279.sku": "7.3",
                            "storage_image_reference.3353328279.version": "latest",
                            "storage_os_disk.#": "1",
                            "storage_os_disk.0.caching": "ReadWrite",
                            "storage_os_disk.0.create_option": "FromImage",
                            "storage_os_disk.0.disk_size_gb": "31",
                            "storage_os_disk.0.image_uri": "",
                            "storage_os_disk.0.managed_disk_id": "/subscriptions/1a06ded2-cc83-44e1-bf67-d5035be85251/resourceGroups/myvm1rg/providers/Microsoft.Compute/disks/myvm1-osdisk",
                            "storage_os_disk.0.managed_disk_type": "Standard_LRS",
                            "storage_os_disk.0.name": "myvm1-osdisk",
                            "storage_os_disk.0.os_type": "Linux",
                            "storage_os_disk.0.vhd_uri": "",
                            "tags.%": "0",
                            "vm_size": "Standard_A0"
                        },
                        "meta": {},
                        "tainted": true
                    },
                    "deposed": [],
                    "provider": ""
                },
                "azurerm_virtual_network.vnet": {
                    "type": "azurerm_virtual_network",
                    "depends_on": [
                        "azurerm_resource_group.rg"
                    ],
                    "primary": {
                        "id": "/subscriptions/1a06ded2-cc83-44e1-bf67-d5035be85251/resourceGroups/myvm1rg/providers/Microsoft.Network/virtualNetworks/vnet",
                        "attributes": {
                            "address_space.#": "1",
                            "address_space.0": "10.0.0.0/16",
                            "dns_servers.#": "0",
                            "id": "/subscriptions/1a06ded2-cc83-44e1-bf67-d5035be85251/resourceGroups/myvm1rg/providers/Microsoft.Network/virtualNetworks/vnet",
                            "location": "southcentralus",
                            "name": "vnet",
                            "resource_group_name": "myvm1rg",
                            "subnet.#": "0",
                            "tags.%": "0"
                        },
                        "meta": {},
                        "tainted": false
                    },
                    "deposed": [],
                    "provider": ""
                }
            },
            "depends_on": []
        }
    ]
}
