{
    "version": 3,
    "terraform_version": "0.10.8",
    "serial": 10,
    "lineage": "e0249e48-8059-428a-8fe2-6a9f30958eff",
    "modules": [
        {
            "path": [
                "root"
            ],
            "outputs": {},
            "resources": {
                "azurerm_network_interface.myterraformnic": {
                    "type": "azurerm_network_interface",
                    "depends_on": [
                        "azurerm_public_ip.myterraformpublicip",
                        "azurerm_resource_group.myterraformgroup",
                        "azurerm_subnet.myterraformsubnet"
                    ],
                    "primary": {
                        "id": "/subscriptions/1a06ded2-cc83-44e1-bf67-d5035be85251/resourceGroups/myResourceGroup/providers/Microsoft.Network/networkInterfaces/myNIC",
                        "attributes": {
                            "applied_dns_servers.#": "0",
                            "dns_servers.#": "0",
                            "enable_ip_forwarding": "false",
                            "id": "/subscriptions/1a06ded2-cc83-44e1-bf67-d5035be85251/resourceGroups/myResourceGroup/providers/Microsoft.Network/networkInterfaces/myNIC",
                            "internal_dns_name_label": "",
                            "ip_configuration.#": "1",
                            "ip_configuration.0.load_balancer_backend_address_pools_ids.#": "0",
                            "ip_configuration.0.load_balancer_inbound_nat_rules_ids.#": "0",
                            "ip_configuration.0.name": "myNicConfiguration",
                            "ip_configuration.0.primary": "true",
                            "ip_configuration.0.private_ip_address": "",
                            "ip_configuration.0.private_ip_address_allocation": "dynamic",
                            "ip_configuration.0.public_ip_address_id": "/subscriptions/1a06ded2-cc83-44e1-bf67-d5035be85251/resourceGroups/myResourceGroup/providers/Microsoft.Network/publicIPAddresses/myPublicIP",
                            "ip_configuration.0.subnet_id": "/subscriptions/1a06ded2-cc83-44e1-bf67-d5035be85251/resourceGroups/myResourceGroup/providers/Microsoft.Network/virtualNetworks/myVnet/subnets/mySubnet",
                            "location": "eastus",
                            "name": "myNIC",
                            "network_security_group_id": "",
                            "private_ip_address": "10.0.2.4",
                            "private_ip_addresses.#": "1",
                            "private_ip_addresses.0": "10.0.2.4",
                            "resource_group_name": "myResourceGroup",
                            "tags.%": "1",
                            "tags.environment": "Terraform Demo"
                        },
                        "meta": {},
                        "tainted": false
                    },
                    "deposed": [],
                    "provider": ""
                },
                "azurerm_network_security_group.temyterraformpublicipnsg": {
                    "type": "azurerm_network_security_group",
                    "depends_on": [
                        "azurerm_resource_group.myterraformgroup"
                    ],
                    "primary": {
                        "id": "/subscriptions/1a06ded2-cc83-44e1-bf67-d5035be85251/resourceGroups/myResourceGroup/providers/Microsoft.Network/networkSecurityGroups/myNetworkSecurityGroup",
                        "attributes": {
                            "id": "/subscriptions/1a06ded2-cc83-44e1-bf67-d5035be85251/resourceGroups/myResourceGroup/providers/Microsoft.Network/networkSecurityGroups/myNetworkSecurityGroup",
                            "location": "eastus",
                            "name": "myNetworkSecurityGroup",
                            "resource_group_name": "myResourceGroup",
                            "security_rule.#": "1",
                            "security_rule.0.access": "Allow",
                            "security_rule.0.description": "",
                            "security_rule.0.destination_address_prefix": "*",
                            "security_rule.0.destination_port_range": "22",
                            "security_rule.0.direction": "Inbound",
                            "security_rule.0.name": "SSH",
                            "security_rule.0.priority": "1001",
                            "security_rule.0.protocol": "Tcp",
                            "security_rule.0.source_address_prefix": "*",
                            "security_rule.0.source_port_range": "*",
                            "tags.%": "1",
                            "tags.environment": "Terraform Demo"
                        },
                        "meta": {},
                        "tainted": false
                    },
                    "deposed": [],
                    "provider": ""
                },
                "azurerm_public_ip.myterraformpublicip": {
                    "type": "azurerm_public_ip",
                    "depends_on": [
                        "azurerm_resource_group.myterraformgroup"
                    ],
                    "primary": {
                        "id": "/subscriptions/1a06ded2-cc83-44e1-bf67-d5035be85251/resourceGroups/myResourceGroup/providers/Microsoft.Network/publicIPAddresses/myPublicIP",
                        "attributes": {
                            "id": "/subscriptions/1a06ded2-cc83-44e1-bf67-d5035be85251/resourceGroups/myResourceGroup/providers/Microsoft.Network/publicIPAddresses/myPublicIP",
                            "location": "eastus",
                            "name": "myPublicIP",
                            "public_ip_address_allocation": "dynamic",
                            "resource_group_name": "myResourceGroup",
                            "tags.%": "1",
                            "tags.environment": "Terraform Demo"
                        },
                        "meta": {},
                        "tainted": false
                    },
                    "deposed": [],
                    "provider": ""
                },
                "azurerm_resource_group.myterraformgroup": {
                    "type": "azurerm_resource_group",
                    "depends_on": [],
                    "primary": {
                        "id": "/subscriptions/1a06ded2-cc83-44e1-bf67-d5035be85251/resourceGroups/myResourceGroup",
                        "attributes": {
                            "id": "/subscriptions/1a06ded2-cc83-44e1-bf67-d5035be85251/resourceGroups/myResourceGroup",
                            "location": "eastus",
                            "name": "myResourceGroup",
                            "tags.%": "1",
                            "tags.environment": "Terraform Demo"
                        },
                        "meta": {},
                        "tainted": false
                    },
                    "deposed": [],
                    "provider": ""
                },
                "azurerm_subnet.myterraformsubnet": {
                    "type": "azurerm_subnet",
                    "depends_on": [
                        "azurerm_resource_group.myterraformgroup",
                        "azurerm_virtual_network.myterraformnetwork"
                    ],
                    "primary": {
                        "id": "/subscriptions/1a06ded2-cc83-44e1-bf67-d5035be85251/resourceGroups/myResourceGroup/providers/Microsoft.Network/virtualNetworks/myVnet/subnets/mySubnet",
                        "attributes": {
                            "address_prefix": "10.0.2.0/24",
                            "id": "/subscriptions/1a06ded2-cc83-44e1-bf67-d5035be85251/resourceGroups/myResourceGroup/providers/Microsoft.Network/virtualNetworks/myVnet/subnets/mySubnet",
                            "ip_configurations.#": "1",
                            "ip_configurations.2600025613": "/subscriptions/1a06ded2-cc83-44e1-bf67-d5035be85251/resourceGroups/myResourceGroup/providers/Microsoft.Network/networkInterfaces/myNIC/ipConfigurations/myNicConfiguration",
                            "name": "mySubnet",
                            "resource_group_name": "myResourceGroup",
                            "virtual_network_name": "myVnet"
                        },
                        "meta": {},
                        "tainted": false
                    },
                    "deposed": [],
                    "provider": ""
                },
                "azurerm_virtual_network.myterraformnetwork": {
                    "type": "azurerm_virtual_network",
                    "depends_on": [
                        "azurerm_resource_group.myterraformgroup"
                    ],
                    "primary": {
                        "id": "/subscriptions/1a06ded2-cc83-44e1-bf67-d5035be85251/resourceGroups/myResourceGroup/providers/Microsoft.Network/virtualNetworks/myVnet",
                        "attributes": {
                            "address_space.#": "1",
                            "address_space.0": "10.0.0.0/16",
                            "dns_servers.#": "0",
                            "id": "/subscriptions/1a06ded2-cc83-44e1-bf67-d5035be85251/resourceGroups/myResourceGroup/providers/Microsoft.Network/virtualNetworks/myVnet",
                            "location": "eastus",
                            "name": "myVnet",
                            "resource_group_name": "myResourceGroup",
                            "subnet.#": "1",
                            "subnet.2077117380.address_prefix": "10.0.2.0/24",
                            "subnet.2077117380.name": "mySubnet",
                            "subnet.2077117380.security_group": "",
                            "tags.%": "1",
                            "tags.environment": "Terraform Demo"
                        },
                        "meta": {},
                        "tainted": false
                    },
                    "deposed": [],
                    "provider": ""
                }
            },
            "depends_on": []
        }
    ]
}
